
Microsoft Visual Studio Solution File, Format Version 12.00
# Visual Studio Version 17
VisualStudioVersion = 17.5.33530.505
MinimumVisualStudioVersion = 10.0.40219.1
Project("{FAE04EC0-301F-11D3-BF4B-00C04F79EFBC}") = "M001", "M001\M001.csproj", "{8719B869-BA57-4669-AAB3-C764784F7DCD}"
EndProject
Project("{FAE04EC0-301F-11D3-BF4B-00C04F79EFBC}") = "M002", "M002\M002.csproj", "{95F3E7BF-368A-44C3-82BF-75DCDA565139}"
EndProject
Global
	GlobalSection(SolutionConfigurationPlatforms) = preSolution
		Debug|Any CPU = Debug|Any CPU
		Release|Any CPU = Release|Any CPU
	EndGlobalSection
	GlobalSection(ProjectConfigurationPlatforms) = postSolution
		{8719B869-BA57-4669-AAB3-C764784F7DCD}.Debug|Any CPU.ActiveCfg = Debug|Any CPU
		{8719B869-BA57-4669-AAB3-C764784F7DCD}.Debug|Any CPU.Build.0 = Debug|Any CPU
		{8719B869-BA57-4669-AAB3-C764784F7DCD}.Release|Any CPU.ActiveCfg = Release|Any CPU
		{8719B869-BA57-4669-AAB3-C764784F7DCD}.Release|Any CPU.Build.0 = Release|Any CPU
		{95F3E7BF-368A-44C3-82BF-75DCDA565139}.Debug|Any CPU.ActiveCfg = Debug|Any CPU
		{95F3E7BF-368A-44C3-82BF-75DCDA565139}.Debug|Any CPU.Build.0 = Debug|Any CPU
		{95F3E7BF-368A-44C3-82BF-75DCDA565139}.Release|Any CPU.ActiveCfg = Release|Any CPU
		{95F3E7BF-368A-44C3-82BF-75DCDA565139}.Release|Any CPU.Build.0 = Release|Any CPU
	EndGlobalSection
	GlobalSection(SolutionProperties) = preSolution
		HideSolutionNode = FALSE
	EndGlobalSection
	GlobalSection(ExtensibilityGlobals) = postSolution
		SolutionGuid = {7AD14C0D-C2AF-49EC-8BE9-A3753E680A6B}
	EndGlobalSection
EndGlobal
